
Microsoft Visual Studio Solution File, Format Version 12.00
# Visual Studio Version 17
VisualStudioVersion = 17.9.34616.47
MinimumVisualStudioVersion = 10.0.40219.1
Project("{2150E333-8FDC-42A3-9474-1A3956D46DE8}") = "01 - Apresentacao", "01 - Apresentacao", "{CFD3F850-D3B6-4C8A-817C-D7FDBF68AC4D}"
EndProject
Project("{2150E333-8FDC-42A3-9474-1A3956D46DE8}") = "02 - Dominio", "02 - Dominio", "{F8B9242E-78C6-4237-AA1C-5100A0276BF6}"
EndProject
Project("{2150E333-8FDC-42A3-9474-1A3956D46DE8}") = "03 - Infraestrutura", "03 - Infraestrutura", "{73346350-30C0-4828-8EF9-4A2D5DF2A8C6}"
EndProject
Project("{2150E333-8FDC-42A3-9474-1A3956D46DE8}") = "04 - CrossCutting", "04 - CrossCutting", "{1631223A-2E69-4D27-82C2-58651840B7EC}"
EndProject
Project("{9A19103F-16F7-4668-BE54-9A1E7A4F7556}") = "Cepedi.Banco.Conta.IoC", "src\Cepedi.Banco.Conta.IoC\Cepedi.Banco.Conta.IoC.csproj", "{BF19B809-AF26-4AB4-99FD-55B6660C3872}"
EndProject
Project("{2150E333-8FDC-42A3-9474-1A3956D46DE8}") = "06 - Tests", "06 - Tests", "{2D4A6734-55E9-46FD-BC86-1A6B9652198C}"
EndProject
Project("{9A19103F-16F7-4668-BE54-9A1E7A4F7556}") = "Cepedi.Banco.Conta.Api.Tests", "tests\Cepedi.Banco.Conta.Api.Tests\Cepedi.Banco.Conta.Api.Tests.csproj", "{3B6EEBEF-C0AF-4872-BDAC-39163EFE21FA}"
EndProject
Project("{2150E333-8FDC-42A3-9474-1A3956D46DE8}") = "07 - Itens", "07 - Itens", "{083535C5-41AC-4FF7-83DA-B0034E46A0F9}"
	ProjectSection(SolutionItems) = preProject
		.editorconfig = .editorconfig
		.gitignore = .gitignore
		README.md = README.md
		API Documentation #reference.postman_collection.json = API Documentation #reference.postman_collection.json
	EndProjectSection
EndProject
Project("{9A19103F-16F7-4668-BE54-9A1E7A4F7556}") = "Cepedi.Banco.Conta.Api", "src\Cepedi.Banco.Conta.Api\Cepedi.Banco.Conta.Api.csproj", "{2EF7BF02-E680-49BE-9FD5-19BF1E9D9A8E}"
EndProject
Project("{9A19103F-16F7-4668-BE54-9A1E7A4F7556}") = "Cepedi.Banco.Conta.Dominio", "src\Cepedi.Banco.Conta.Dominio\Cepedi.Banco.Conta.Dominio.csproj", "{64304F31-1D4A-4451-9510-9798641B05E6}"
EndProject
Project("{9A19103F-16F7-4668-BE54-9A1E7A4F7556}") = "Cepedi.Banco.Conta.Dados", "src\Cepedi.Banco.Conta.Dados\Cepedi.Banco.Conta.Dados.csproj", "{2BEAD13D-A710-4209-AC37-D49942E0A452}"
EndProject
Project("{9A19103F-16F7-4668-BE54-9A1E7A4F7556}") = "Cepedi.Banco.Conta.Compartilhado", "src\Cepedi.Banco.Conta.Compartilhado\Cepedi.Banco.Conta.Compartilhado.csproj", "{7ED519E7-AC8D-4DA5-838F-053C11CF64DC}"
EndProject
Project("{9A19103F-16F7-4668-BE54-9A1E7A4F7556}") = "Cepedi.Banco.Conta.Performance.Test", "tests\Cepedi.Banco.Conta.Performance.Test\Cepedi.Banco.Conta.Performance.Test.csproj", "{7B9A2D61-0B0B-4F30-AFA1-2C5D952ADA05}"
EndProject
Project("{9A19103F-16F7-4668-BE54-9A1E7A4F7556}") = "Cepedi.Banco.Conta.Data.Tests", "tests\Cepedi.Banco.Conta.Dados.Tests\Cepedi.Banco.Conta.Data.Tests.csproj", "{7AB41FE3-4319-4554-B19A-96D7FBF62644}"
EndProject
Project("{9A19103F-16F7-4668-BE54-9A1E7A4F7556}") = "Cepedi.Banco.Conta.Domain.Tests", "tests\Cepedi.Banco.Conta.Dominio.Tests\Cepedi.Banco.Conta.Domain.Tests.csproj", "{E0B4C0E6-29C7-4137-B076-F27F8A215B70}"
EndProject
Global
	GlobalSection(SolutionConfigurationPlatforms) = preSolution
		Debug|Any CPU = Debug|Any CPU
		Release|Any CPU = Release|Any CPU
	EndGlobalSection
	GlobalSection(ProjectConfigurationPlatforms) = postSolution
		{BF19B809-AF26-4AB4-99FD-55B6660C3872}.Debug|Any CPU.ActiveCfg = Debug|Any CPU
		{BF19B809-AF26-4AB4-99FD-55B6660C3872}.Debug|Any CPU.Build.0 = Debug|Any CPU
		{BF19B809-AF26-4AB4-99FD-55B6660C3872}.Release|Any CPU.ActiveCfg = Release|Any CPU
		{BF19B809-AF26-4AB4-99FD-55B6660C3872}.Release|Any CPU.Build.0 = Release|Any CPU
		{3B6EEBEF-C0AF-4872-BDAC-39163EFE21FA}.Debug|Any CPU.ActiveCfg = Debug|Any CPU
		{3B6EEBEF-C0AF-4872-BDAC-39163EFE21FA}.Debug|Any CPU.Build.0 = Debug|Any CPU
		{3B6EEBEF-C0AF-4872-BDAC-39163EFE21FA}.Release|Any CPU.ActiveCfg = Release|Any CPU
		{3B6EEBEF-C0AF-4872-BDAC-39163EFE21FA}.Release|Any CPU.Build.0 = Release|Any CPU
		{2EF7BF02-E680-49BE-9FD5-19BF1E9D9A8E}.Debug|Any CPU.ActiveCfg = Debug|Any CPU
		{2EF7BF02-E680-49BE-9FD5-19BF1E9D9A8E}.Debug|Any CPU.Build.0 = Debug|Any CPU
		{2EF7BF02-E680-49BE-9FD5-19BF1E9D9A8E}.Release|Any CPU.ActiveCfg = Release|Any CPU
		{2EF7BF02-E680-49BE-9FD5-19BF1E9D9A8E}.Release|Any CPU.Build.0 = Release|Any CPU
		{64304F31-1D4A-4451-9510-9798641B05E6}.Debug|Any CPU.ActiveCfg = Debug|Any CPU
		{64304F31-1D4A-4451-9510-9798641B05E6}.Debug|Any CPU.Build.0 = Debug|Any CPU
		{64304F31-1D4A-4451-9510-9798641B05E6}.Release|Any CPU.ActiveCfg = Release|Any CPU
		{64304F31-1D4A-4451-9510-9798641B05E6}.Release|Any CPU.Build.0 = Release|Any CPU
		{2BEAD13D-A710-4209-AC37-D49942E0A452}.Debug|Any CPU.ActiveCfg = Debug|Any CPU
		{2BEAD13D-A710-4209-AC37-D49942E0A452}.Debug|Any CPU.Build.0 = Debug|Any CPU
		{2BEAD13D-A710-4209-AC37-D49942E0A452}.Release|Any CPU.ActiveCfg = Release|Any CPU
		{2BEAD13D-A710-4209-AC37-D49942E0A452}.Release|Any CPU.Build.0 = Release|Any CPU
		{7ED519E7-AC8D-4DA5-838F-053C11CF64DC}.Debug|Any CPU.ActiveCfg = Debug|Any CPU
		{7ED519E7-AC8D-4DA5-838F-053C11CF64DC}.Debug|Any CPU.Build.0 = Debug|Any CPU
		{7ED519E7-AC8D-4DA5-838F-053C11CF64DC}.Release|Any CPU.ActiveCfg = Release|Any CPU
		{7ED519E7-AC8D-4DA5-838F-053C11CF64DC}.Release|Any CPU.Build.0 = Release|Any CPU
		{7B9A2D61-0B0B-4F30-AFA1-2C5D952ADA05}.Debug|Any CPU.ActiveCfg = Debug|Any CPU
		{7B9A2D61-0B0B-4F30-AFA1-2C5D952ADA05}.Debug|Any CPU.Build.0 = Debug|Any CPU
		{7B9A2D61-0B0B-4F30-AFA1-2C5D952ADA05}.Release|Any CPU.ActiveCfg = Release|Any CPU
		{7B9A2D61-0B0B-4F30-AFA1-2C5D952ADA05}.Release|Any CPU.Build.0 = Release|Any CPU
		{7AB41FE3-4319-4554-B19A-96D7FBF62644}.Debug|Any CPU.ActiveCfg = Debug|Any CPU
		{7AB41FE3-4319-4554-B19A-96D7FBF62644}.Debug|Any CPU.Build.0 = Debug|Any CPU
		{7AB41FE3-4319-4554-B19A-96D7FBF62644}.Release|Any CPU.ActiveCfg = Release|Any CPU
		{7AB41FE3-4319-4554-B19A-96D7FBF62644}.Release|Any CPU.Build.0 = Release|Any CPU
		{E0B4C0E6-29C7-4137-B076-F27F8A215B70}.Debug|Any CPU.ActiveCfg = Debug|Any CPU
		{E0B4C0E6-29C7-4137-B076-F27F8A215B70}.Debug|Any CPU.Build.0 = Debug|Any CPU
		{E0B4C0E6-29C7-4137-B076-F27F8A215B70}.Release|Any CPU.ActiveCfg = Release|Any CPU
		{E0B4C0E6-29C7-4137-B076-F27F8A215B70}.Release|Any CPU.Build.0 = Release|Any CPU
	EndGlobalSection
	GlobalSection(SolutionProperties) = preSolution
		HideSolutionNode = FALSE
	EndGlobalSection
	GlobalSection(NestedProjects) = preSolution
		{BF19B809-AF26-4AB4-99FD-55B6660C3872} = {1631223A-2E69-4D27-82C2-58651840B7EC}
		{3B6EEBEF-C0AF-4872-BDAC-39163EFE21FA} = {2D4A6734-55E9-46FD-BC86-1A6B9652198C}
		{2EF7BF02-E680-49BE-9FD5-19BF1E9D9A8E} = {CFD3F850-D3B6-4C8A-817C-D7FDBF68AC4D}
		{64304F31-1D4A-4451-9510-9798641B05E6} = {F8B9242E-78C6-4237-AA1C-5100A0276BF6}
		{2BEAD13D-A710-4209-AC37-D49942E0A452} = {73346350-30C0-4828-8EF9-4A2D5DF2A8C6}
		{7ED519E7-AC8D-4DA5-838F-053C11CF64DC} = {1631223A-2E69-4D27-82C2-58651840B7EC}
		{7B9A2D61-0B0B-4F30-AFA1-2C5D952ADA05} = {2D4A6734-55E9-46FD-BC86-1A6B9652198C}
		{7AB41FE3-4319-4554-B19A-96D7FBF62644} = {2D4A6734-55E9-46FD-BC86-1A6B9652198C}
		{E0B4C0E6-29C7-4137-B076-F27F8A215B70} = {2D4A6734-55E9-46FD-BC86-1A6B9652198C}
	EndGlobalSection
	GlobalSection(ExtensibilityGlobals) = postSolution
		SolutionGuid = {18F2618F-D5A0-4779-AB65-8871DF992684}
	EndGlobalSection
EndGlobal
